
Microsoft Visual Studio Solution File, Format Version 12.00
# Visual Studio Version 17
VisualStudioVersion = 17.1.32328.378
MinimumVisualStudioVersion = 10.0.40219.1
Project("{FAE04EC0-301F-11D3-BF4B-00C04F79EFBC}") = "EmployeeWageComputationStatement", "EmployeeWageComputationStatement.csproj", "{8CF1DC75-A2A4-4382-92AD-931C81AC9610}"
EndProject
Global
	GlobalSection(SolutionConfigurationPlatforms) = preSolution
		Debug|Any CPU = Debug|Any CPU
		Release|Any CPU = Release|Any CPU
	EndGlobalSection
	GlobalSection(ProjectConfigurationPlatforms) = postSolution
		{8CF1DC75-A2A4-4382-92AD-931C81AC9610}.Debug|Any CPU.ActiveCfg = Debug|Any CPU
		{8CF1DC75-A2A4-4382-92AD-931C81AC9610}.Debug|Any CPU.Build.0 = Debug|Any CPU
		{8CF1DC75-A2A4-4382-92AD-931C81AC9610}.Release|Any CPU.ActiveCfg = Release|Any CPU
		{8CF1DC75-A2A4-4382-92AD-931C81AC9610}.Release|Any CPU.Build.0 = Release|Any CPU
	EndGlobalSection
	GlobalSection(SolutionProperties) = preSolution
		HideSolutionNode = FALSE
	EndGlobalSection
	GlobalSection(ExtensibilityGlobals) = postSolution
		SolutionGuid = {E20DECEA-C5B5-41D6-A525-BF293A79E582}
	EndGlobalSection
EndGlobal
